
Microsoft Visual Studio Solution File, Format Version 12.00
# Visual Studio 15
VisualStudioVersion = 15.0.28307.757
MinimumVisualStudioVersion = 10.0.40219.1
Project("{FAE04EC0-301F-11D3-BF4B-00C04F79EFBC}") = "linq", "linq\linq.csproj", "{5C4AEFFA-D65D-49EF-B681-43D8D6FBA3C6}"
EndProject
Global
	GlobalSection(SolutionConfigurationPlatforms) = preSolution
		Debug|Any CPU = Debug|Any CPU
		Release|Any CPU = Release|Any CPU
	EndGlobalSection
	GlobalSection(ProjectConfigurationPlatforms) = postSolution
		{5C4AEFFA-D65D-49EF-B681-43D8D6FBA3C6}.Debug|Any CPU.ActiveCfg = Debug|Any CPU
		{5C4AEFFA-D65D-49EF-B681-43D8D6FBA3C6}.Debug|Any CPU.Build.0 = Debug|Any CPU
		{5C4AEFFA-D65D-49EF-B681-43D8D6FBA3C6}.Release|Any CPU.ActiveCfg = Release|Any CPU
		{5C4AEFFA-D65D-49EF-B681-43D8D6FBA3C6}.Release|Any CPU.Build.0 = Release|Any CPU
	EndGlobalSection
	GlobalSection(SolutionProperties) = preSolution
		HideSolutionNode = FALSE
	EndGlobalSection
	GlobalSection(ExtensibilityGlobals) = postSolution
		SolutionGuid = {C460312D-AA57-40D7-9DE6-F07B0B2E834F}
	EndGlobalSection
EndGlobal
